// !$*UTF8*$!
{
	archiveVersion = 1;
	classes = {
	};
	objectVersion = 55;
	objects = {

/* Begin PBXBuildFile section */
		3FCD8DFEBE2FDA689D8D79F3 /* Pods_NetflixAPP.framework in Frameworks */ = {isa = PBXBuildFile; fileRef = 761E5082400963CC3599BC3F /* Pods_NetflixAPP.framework */; };
		592A3DA228BFFE7E006C5BDE /* HeroHeaderUIView.swift in Sources */ = {isa = PBXBuildFile; fileRef = 592A3DA128BFFE7E006C5BDE /* HeroHeaderUIView.swift */; };
		592A3DA428C07936006C5BDE /* APICaller.swift in Sources */ = {isa = PBXBuildFile; fileRef = 592A3DA328C07936006C5BDE /* APICaller.swift */; };
		592A3DA628C08152006C5BDE /* Title.swift in Sources */ = {isa = PBXBuildFile; fileRef = 592A3DA528C08152006C5BDE /* Title.swift */; };
		592A3DA828C08B0B006C5BDE /* Extensions.swift in Sources */ = {isa = PBXBuildFile; fileRef = 592A3DA728C08B0B006C5BDE /* Extensions.swift */; };
		592A3DAC28C09E8B006C5BDE /* TitleCollectionViewCell.swift in Sources */ = {isa = PBXBuildFile; fileRef = 592A3DAB28C09E8B006C5BDE /* TitleCollectionViewCell.swift */; };
		59500ED128BA313200B133F8 /* AppDelegate.swift in Sources */ = {isa = PBXBuildFile; fileRef = 59500ED028BA313200B133F8 /* AppDelegate.swift */; };
		59500ED328BA313200B133F8 /* SceneDelegate.swift in Sources */ = {isa = PBXBuildFile; fileRef = 59500ED228BA313200B133F8 /* SceneDelegate.swift */; };
		59500ED528BA313200B133F8 /* MainTabBarViewController.swift in Sources */ = {isa = PBXBuildFile; fileRef = 59500ED428BA313200B133F8 /* MainTabBarViewController.swift */; };
		59500EDA28BA313300B133F8 /* Assets.xcassets in Resources */ = {isa = PBXBuildFile; fileRef = 59500ED928BA313300B133F8 /* Assets.xcassets */; };
		59500EDD28BA313300B133F8 /* LaunchScreen.storyboard in Resources */ = {isa = PBXBuildFile; fileRef = 59500EDB28BA313300B133F8 /* LaunchScreen.storyboard */; };
		59500EE628BA337300B133F8 /* HomeViewController.swift in Sources */ = {isa = PBXBuildFile; fileRef = 59500EE528BA337300B133F8 /* HomeViewController.swift */; };
		59500EE828BA33A800B133F8 /* UpcomingViewController.swift in Sources */ = {isa = PBXBuildFile; fileRef = 59500EE728BA33A800B133F8 /* UpcomingViewController.swift */; };
		59500EEA28BA33C400B133F8 /* SearchViewController.swift in Sources */ = {isa = PBXBuildFile; fileRef = 59500EE928BA33C400B133F8 /* SearchViewController.swift */; };
		59500EEC28BA33F800B133F8 /* DonwloadsViewController.swift in Sources */ = {isa = PBXBuildFile; fileRef = 59500EEB28BA33F800B133F8 /* DonwloadsViewController.swift */; };
		59500EF328BA3F4000B133F8 /* CollectionViewTableViewCell.swift in Sources */ = {isa = PBXBuildFile; fileRef = 59500EF228BA3F4000B133F8 /* CollectionViewTableViewCell.swift */; };
		59A44EA928C0B44D00593301 /* TitleTableViewCell.swift in Sources */ = {isa = PBXBuildFile; fileRef = 59A44EA828C0B44D00593301 /* TitleTableViewCell.swift */; };
		59A44EAB28C0B7A600593301 /* TitleViewModel.swift in Sources */ = {isa = PBXBuildFile; fileRef = 59A44EAA28C0B7A600593301 /* TitleViewModel.swift */; };
		59A44EB028C0D02400593301 /* SearchResultsViewController.swift in Sources */ = {isa = PBXBuildFile; fileRef = 59A44EAF28C0D02400593301 /* SearchResultsViewController.swift */; };
		59A44EB428C0E08100593301 /* YoutubeSearchResponse.swift in Sources */ = {isa = PBXBuildFile; fileRef = 59A44EB328C0E08100593301 /* YoutubeSearchResponse.swift */; };
		59A44EB628C0E83900593301 /* TitlePreviewViewController.swift in Sources */ = {isa = PBXBuildFile; fileRef = 59A44EB528C0E83900593301 /* TitlePreviewViewController.swift */; };
		59A44EB828C0ED9D00593301 /* TitlePreviewViewModel.swift in Sources */ = {isa = PBXBuildFile; fileRef = 59A44EB728C0ED9D00593301 /* TitlePreviewViewModel.swift */; };
		59A44EDE28C1229B00593301 /* NetflixAPPModel.xcdatamodeld in Sources */ = {isa = PBXBuildFile; fileRef = 59A44EDC28C1229B00593301 /* NetflixAPPModel.xcdatamodeld */; };
		59A44EE028C124A500593301 /* DataPersistenceManager.swift in Sources */ = {isa = PBXBuildFile; fileRef = 59A44EDF28C124A500593301 /* DataPersistenceManager.swift */; };
/* End PBXBuildFile section */

/* Begin PBXFileReference section */
		3DDA27BE46C68A3F624D8E69 /* Pods-NetflixAPP.debug.xcconfig */ = {isa = PBXFileReference; includeInIndex = 1; lastKnownFileType = text.xcconfig; name = "Pods-NetflixAPP.debug.xcconfig"; path = "Target Support Files/Pods-NetflixAPP/Pods-NetflixAPP.debug.xcconfig"; sourceTree = "<group>"; };
		592A3DA128BFFE7E006C5BDE /* HeroHeaderUIView.swift */ = {isa = PBXFileReference; lastKnownFileType = sourcecode.swift; path = HeroHeaderUIView.swift; sourceTree = "<group>"; };
		592A3DA328C07936006C5BDE /* APICaller.swift */ = {isa = PBXFileReference; lastKnownFileType = sourcecode.swift; path = APICaller.swift; sourceTree = "<group>"; };
		592A3DA528C08152006C5BDE /* Title.swift */ = {isa = PBXFileReference; lastKnownFileType = sourcecode.swift; path = Title.swift; sourceTree = "<group>"; };
		592A3DA728C08B0B006C5BDE /* Extensions.swift */ = {isa = PBXFileReference; lastKnownFileType = sourcecode.swift; path = Extensions.swift; sourceTree = "<group>"; };
		592A3DAB28C09E8B006C5BDE /* TitleCollectionViewCell.swift */ = {isa = PBXFileReference; lastKnownFileType = sourcecode.swift; path = TitleCollectionViewCell.swift; sourceTree = "<group>"; };
		59500ECD28BA313200B133F8 /* NetflixAPP.app */ = {isa = PBXFileReference; explicitFileType = wrapper.application; includeInIndex = 0; path = NetflixAPP.app; sourceTree = BUILT_PRODUCTS_DIR; };
		59500ED028BA313200B133F8 /* AppDelegate.swift */ = {isa = PBXFileReference; lastKnownFileType = sourcecode.swift; path = AppDelegate.swift; sourceTree = "<group>"; };
		59500ED228BA313200B133F8 /* SceneDelegate.swift */ = {isa = PBXFileReference; lastKnownFileType = sourcecode.swift; path = SceneDelegate.swift; sourceTree = "<group>"; };
		59500ED428BA313200B133F8 /* MainTabBarViewController.swift */ = {isa = PBXFileReference; lastKnownFileType = sourcecode.swift; path = MainTabBarViewController.swift; sourceTree = "<group>"; };
		59500ED928BA313300B133F8 /* Assets.xcassets */ = {isa = PBXFileReference; lastKnownFileType = folder.assetcatalog; path = Assets.xcassets; sourceTree = "<group>"; };
		59500EDC28BA313300B133F8 /* Base */ = {isa = PBXFileReference; lastKnownFileType = file.storyboard; name = Base; path = Base.lproj/LaunchScreen.storyboard; sourceTree = "<group>"; };
		59500EDE28BA313300B133F8 /* Info.plist */ = {isa = PBXFileReference; lastKnownFileType = text.plist.xml; path = Info.plist; sourceTree = "<group>"; };
		59500EE528BA337300B133F8 /* HomeViewController.swift */ = {isa = PBXFileReference; lastKnownFileType = sourcecode.swift; path = HomeViewController.swift; sourceTree = "<group>"; };
		59500EE728BA33A800B133F8 /* UpcomingViewController.swift */ = {isa = PBXFileReference; lastKnownFileType = sourcecode.swift; path = UpcomingViewController.swift; sourceTree = "<group>"; };
		59500EE928BA33C400B133F8 /* SearchViewController.swift */ = {isa = PBXFileReference; lastKnownFileType = sourcecode.swift; path = SearchViewController.swift; sourceTree = "<group>"; };
		59500EEB28BA33F800B133F8 /* DonwloadsViewController.swift */ = {isa = PBXFileReference; lastKnownFileType = sourcecode.swift; path = DonwloadsViewController.swift; sourceTree = "<group>"; };
		59500EF228BA3F4000B133F8 /* CollectionViewTableViewCell.swift */ = {isa = PBXFileReference; lastKnownFileType = sourcecode.swift; path = CollectionViewTableViewCell.swift; sourceTree = "<group>"; };
		59A44EA828C0B44D00593301 /* TitleTableViewCell.swift */ = {isa = PBXFileReference; lastKnownFileType = sourcecode.swift; path = TitleTableViewCell.swift; sourceTree = "<group>"; };
		59A44EAA28C0B7A600593301 /* TitleViewModel.swift */ = {isa = PBXFileReference; lastKnownFileType = sourcecode.swift; path = TitleViewModel.swift; sourceTree = "<group>"; };
		59A44EAF28C0D02400593301 /* SearchResultsViewController.swift */ = {isa = PBXFileReference; lastKnownFileType = sourcecode.swift; path = SearchResultsViewController.swift; sourceTree = "<group>"; };
		59A44EB328C0E08100593301 /* YoutubeSearchResponse.swift */ = {isa = PBXFileReference; lastKnownFileType = sourcecode.swift; path = YoutubeSearchResponse.swift; sourceTree = "<group>"; };
		59A44EB528C0E83900593301 /* TitlePreviewViewController.swift */ = {isa = PBXFileReference; lastKnownFileType = sourcecode.swift; path = TitlePreviewViewController.swift; sourceTree = "<group>"; };
		59A44EB728C0ED9D00593301 /* TitlePreviewViewModel.swift */ = {isa = PBXFileReference; lastKnownFileType = sourcecode.swift; path = TitlePreviewViewModel.swift; sourceTree = "<group>"; };
		59A44EDD28C1229B00593301 /* NetflixAPPModel.xcdatamodel */ = {isa = PBXFileReference; lastKnownFileType = wrapper.xcdatamodel; path = NetflixAPPModel.xcdatamodel; sourceTree = "<group>"; };
		59A44EDF28C124A500593301 /* DataPersistenceManager.swift */ = {isa = PBXFileReference; lastKnownFileType = sourcecode.swift; path = DataPersistenceManager.swift; sourceTree = "<group>"; };
		761E5082400963CC3599BC3F /* Pods_NetflixAPP.framework */ = {isa = PBXFileReference; explicitFileType = wrapper.framework; includeInIndex = 0; path = Pods_NetflixAPP.framework; sourceTree = BUILT_PRODUCTS_DIR; };
		BD27EE6A9102E8601F16A239 /* Pods-NetflixAPP.release.xcconfig */ = {isa = PBXFileReference; includeInIndex = 1; lastKnownFileType = text.xcconfig; name = "Pods-NetflixAPP.release.xcconfig"; path = "Target Support Files/Pods-NetflixAPP/Pods-NetflixAPP.release.xcconfig"; sourceTree = "<group>"; };
/* End PBXFileReference section */

/* Begin PBXFrameworksBuildPhase section */
		59500ECA28BA313200B133F8 /* Frameworks */ = {
			isa = PBXFrameworksBuildPhase;
			buildActionMask = 2147483647;
			files = (
				3FCD8DFEBE2FDA689D8D79F3 /* Pods_NetflixAPP.framework in Frameworks */,
			);
			runOnlyForDeploymentPostprocessing = 0;
		};
/* End PBXFrameworksBuildPhase section */

/* Begin PBXGroup section */
		05B09492EF782EAB4552ECAB /* Pods */ = {
			isa = PBXGroup;
			children = (
				3DDA27BE46C68A3F624D8E69 /* Pods-NetflixAPP.debug.xcconfig */,
				BD27EE6A9102E8601F16A239 /* Pods-NetflixAPP.release.xcconfig */,
			);
			path = Pods;
			sourceTree = "<group>";
		};
		1777365389DADA05DA0F4988 /* Frameworks */ = {
			isa = PBXGroup;
			children = (
				761E5082400963CC3599BC3F /* Pods_NetflixAPP.framework */,
			);
			name = Frameworks;
			sourceTree = "<group>";
		};
		59500EC428BA313200B133F8 = {
			isa = PBXGroup;
			children = (
				59500ECF28BA313200B133F8 /* NetflixAPP */,
				59500ECE28BA313200B133F8 /* Products */,
				05B09492EF782EAB4552ECAB /* Pods */,
				1777365389DADA05DA0F4988 /* Frameworks */,
			);
			sourceTree = "<group>";
		};
		59500ECE28BA313200B133F8 /* Products */ = {
			isa = PBXGroup;
			children = (
				59500ECD28BA313200B133F8 /* NetflixAPP.app */,
			);
			name = Products;
			sourceTree = "<group>";
		};
		59500ECF28BA313200B133F8 /* NetflixAPP */ = {
			isa = PBXGroup;
			children = (
				59500ED028BA313200B133F8 /* AppDelegate.swift */,
				59500ED228BA313200B133F8 /* SceneDelegate.swift */,
				59500EF128BA3EC300B133F8 /* Managers */,
				59500EF028BA3EB900B133F8 /* Resources */,
				59500EEF28BA3EB200B133F8 /* Models */,
				59500EEE28BA3EA000B133F8 /* ViewModels */,
				59500EED28BA3E9800B133F8 /* Views */,
				59500EE428BA333A00B133F8 /* Controllers */,
				59500ED928BA313300B133F8 /* Assets.xcassets */,
				59500EDB28BA313300B133F8 /* LaunchScreen.storyboard */,
				59500EDE28BA313300B133F8 /* Info.plist */,
				59A44EDC28C1229B00593301 /* NetflixAPPModel.xcdatamodeld */,
			);
			path = NetflixAPP;
			sourceTree = "<group>";
		};
		59500EE428BA333A00B133F8 /* Controllers */ = {
			isa = PBXGroup;
			children = (
				59500ED428BA313200B133F8 /* MainTabBarViewController.swift */,
				59A44EB228C0D04B00593301 /* General */,
				59A44EB128C0D02F00593301 /* Core */,
			);
			path = Controllers;
			sourceTree = "<group>";
		};
		59500EED28BA3E9800B133F8 /* Views */ = {
			isa = PBXGroup;
			children = (
				59500EF228BA3F4000B133F8 /* CollectionViewTableViewCell.swift */,
				592A3DA128BFFE7E006C5BDE /* HeroHeaderUIView.swift */,
				592A3DAB28C09E8B006C5BDE /* TitleCollectionViewCell.swift */,
				59A44EA828C0B44D00593301 /* TitleTableViewCell.swift */,
			);
			path = Views;
			sourceTree = "<group>";
		};
		59500EEE28BA3EA000B133F8 /* ViewModels */ = {
			isa = PBXGroup;
			children = (
				59A44EAA28C0B7A600593301 /* TitleViewModel.swift */,
				59A44EB728C0ED9D00593301 /* TitlePreviewViewModel.swift */,
			);
			path = ViewModels;
			sourceTree = "<group>";
		};
		59500EEF28BA3EB200B133F8 /* Models */ = {
			isa = PBXGroup;
			children = (
				592A3DA528C08152006C5BDE /* Title.swift */,
				59A44EB328C0E08100593301 /* YoutubeSearchResponse.swift */,
			);
			path = Models;
			sourceTree = "<group>";
		};
		59500EF028BA3EB900B133F8 /* Resources */ = {
			isa = PBXGroup;
			children = (
				592A3DA728C08B0B006C5BDE /* Extensions.swift */,
			);
			path = Resources;
			sourceTree = "<group>";
		};
		59500EF128BA3EC300B133F8 /* Managers */ = {
			isa = PBXGroup;
			children = (
				592A3DA328C07936006C5BDE /* APICaller.swift */,
				59A44EDF28C124A500593301 /* DataPersistenceManager.swift */,
			);
			path = Managers;
			sourceTree = "<group>";
		};
		59A44EB128C0D02F00593301 /* Core */ = {
			isa = PBXGroup;
			children = (
				59500EE528BA337300B133F8 /* HomeViewController.swift */,
				59500EE728BA33A800B133F8 /* UpcomingViewController.swift */,
				59500EE928BA33C400B133F8 /* SearchViewController.swift */,
				59500EEB28BA33F800B133F8 /* DonwloadsViewController.swift */,
			);
			path = Core;
			sourceTree = "<group>";
		};
		59A44EB228C0D04B00593301 /* General */ = {
			isa = PBXGroup;
			children = (
				59A44EAF28C0D02400593301 /* SearchResultsViewController.swift */,
				59A44EB528C0E83900593301 /* TitlePreviewViewController.swift */,
			);
			path = General;
			sourceTree = "<group>";
		};
/* End PBXGroup section */

/* Begin PBXNativeTarget section */
		59500ECC28BA313200B133F8 /* NetflixAPP */ = {
			isa = PBXNativeTarget;
			buildConfigurationList = 59500EE128BA313300B133F8 /* Build configuration list for PBXNativeTarget "NetflixAPP" */;
			buildPhases = (
				16C4DE634346FF02D2ECB544 /* [CP] Check Pods Manifest.lock */,
				59500EC928BA313200B133F8 /* Sources */,
				59500ECA28BA313200B133F8 /* Frameworks */,
				59500ECB28BA313200B133F8 /* Resources */,
				6290CE52E7F52C9B060DBE0C /* [CP] Embed Pods Frameworks */,
			);
			buildRules = (
			);
			dependencies = (
			);
			name = NetflixAPP;
			productName = NetflixAPP;
			productReference = 59500ECD28BA313200B133F8 /* NetflixAPP.app */;
			productType = "com.apple.product-type.application";
		};
/* End PBXNativeTarget section */

/* Begin PBXProject section */
		59500EC528BA313200B133F8 /* Project object */ = {
			isa = PBXProject;
			attributes = {
				BuildIndependentTargetsInParallel = 1;
				LastSwiftUpdateCheck = 1340;
				LastUpgradeCheck = 1340;
				TargetAttributes = {
					59500ECC28BA313200B133F8 = {
						CreatedOnToolsVersion = 13.4.1;
					};
				};
			};
			buildConfigurationList = 59500EC828BA313200B133F8 /* Build configuration list for PBXProject "NetflixAPP" */;
			compatibilityVersion = "Xcode 13.0";
			developmentRegion = en;
			hasScannedForEncodings = 0;
			knownRegions = (
				en,
				Base,
			);
			mainGroup = 59500EC428BA313200B133F8;
			productRefGroup = 59500ECE28BA313200B133F8 /* Products */;
			projectDirPath = "";
			projectRoot = "";
			targets = (
				59500ECC28BA313200B133F8 /* NetflixAPP */,
			);
		};
/* End PBXProject section */

/* Begin PBXResourcesBuildPhase section */
		59500ECB28BA313200B133F8 /* Resources */ = {
			isa = PBXResourcesBuildPhase;
			buildActionMask = 2147483647;
			files = (
				59500EDD28BA313300B133F8 /* LaunchScreen.storyboard in Resources */,
				59500EDA28BA313300B133F8 /* Assets.xcassets in Resources */,
			);
			runOnlyForDeploymentPostprocessing = 0;
		};
/* End PBXResourcesBuildPhase section */

/* Begin PBXShellScriptBuildPhase section */
		16C4DE634346FF02D2ECB544 /* [CP] Check Pods Manifest.lock */ = {
			isa = PBXShellScriptBuildPhase;
			buildActionMask = 2147483647;
			files = (
			);
			inputFileListPaths = (
			);
			inputPaths = (
				"${PODS_PODFILE_DIR_PATH}/Podfile.lock",
				"${PODS_ROOT}/Manifest.lock",
			);
			name = "[CP] Check Pods Manifest.lock";
			outputFileListPaths = (
			);
			outputPaths = (
				"$(DERIVED_FILE_DIR)/Pods-NetflixAPP-checkManifestLockResult.txt",
			);
			runOnlyForDeploymentPostprocessing = 0;
			shellPath = /bin/sh;
			shellScript = "diff \"${PODS_PODFILE_DIR_PATH}/Podfile.lock\" \"${PODS_ROOT}/Manifest.lock\" > /dev/null\nif [ $? != 0 ] ; then\n    # print error to STDERR\n    echo \"error: The sandbox is not in sync with the Podfile.lock. Run 'pod install' or update your CocoaPods installation.\" >&2\n    exit 1\nfi\n# This output is used by Xcode 'outputs' to avoid re-running this script phase.\necho \"SUCCESS\" > \"${SCRIPT_OUTPUT_FILE_0}\"\n";
			showEnvVarsInLog = 0;
		};
		6290CE52E7F52C9B060DBE0C /* [CP] Embed Pods Frameworks */ = {
			isa = PBXShellScriptBuildPhase;
			buildActionMask = 2147483647;
			files = (
			);
			inputFileListPaths = (
				"${PODS_ROOT}/Target Support Files/Pods-NetflixAPP/Pods-NetflixAPP-frameworks-${CONFIGURATION}-input-files.xcfilelist",
			);
			name = "[CP] Embed Pods Frameworks";
			outputFileListPaths = (
				"${PODS_ROOT}/Target Support Files/Pods-NetflixAPP/Pods-NetflixAPP-frameworks-${CONFIGURATION}-output-files.xcfilelist",
			);
			runOnlyForDeploymentPostprocessing = 0;
			shellPath = /bin/sh;
			shellScript = "\"${PODS_ROOT}/Target Support Files/Pods-NetflixAPP/Pods-NetflixAPP-frameworks.sh\"\n";
			showEnvVarsInLog = 0;
		};
/* End PBXShellScriptBuildPhase section */

/* Begin PBXSourcesBuildPhase section */
		59500EC928BA313200B133F8 /* Sources */ = {
			isa = PBXSourcesBuildPhase;
			buildActionMask = 2147483647;
			files = (
				59A44EA928C0B44D00593301 /* TitleTableViewCell.swift in Sources */,
				59500EEA28BA33C400B133F8 /* SearchViewController.swift in Sources */,
				592A3DAC28C09E8B006C5BDE /* TitleCollectionViewCell.swift in Sources */,
				59A44EE028C124A500593301 /* DataPersistenceManager.swift in Sources */,
				59500ED528BA313200B133F8 /* MainTabBarViewController.swift in Sources */,
				59500EF328BA3F4000B133F8 /* CollectionViewTableViewCell.swift in Sources */,
				592A3DA428C07936006C5BDE /* APICaller.swift in Sources */,
				592A3DA228BFFE7E006C5BDE /* HeroHeaderUIView.swift in Sources */,
				59500ED128BA313200B133F8 /* AppDelegate.swift in Sources */,
				59A44EDE28C1229B00593301 /* NetflixAPPModel.xcdatamodeld in Sources */,
				59500ED328BA313200B133F8 /* SceneDelegate.swift in Sources */,
				59A44EB028C0D02400593301 /* SearchResultsViewController.swift in Sources */,
				592A3DA828C08B0B006C5BDE /* Extensions.swift in Sources */,
				59A44EB428C0E08100593301 /* YoutubeSearchResponse.swift in Sources */,
				59500EEC28BA33F800B133F8 /* DonwloadsViewController.swift in Sources */,
				59A44EB828C0ED9D00593301 /* TitlePreviewViewModel.swift in Sources */,
				59500EE828BA33A800B133F8 /* UpcomingViewController.swift in Sources */,
				59A44EB628C0E83900593301 /* TitlePreviewViewController.swift in Sources */,
				592A3DA628C08152006C5BDE /* Title.swift in Sources */,
				59500EE628BA337300B133F8 /* HomeViewController.swift in Sources */,
				59A44EAB28C0B7A600593301 /* TitleViewModel.swift in Sources */,
			);
			runOnlyForDeploymentPostprocessing = 0;
		};
/* End PBXSourcesBuildPhase section */

/* Begin PBXVariantGroup section */
		59500EDB28BA313300B133F8 /* LaunchScreen.storyboard */ = {
			isa = PBXVariantGroup;
			children = (
				59500EDC28BA313300B133F8 /* Base */,
			);
			name = LaunchScreen.storyboard;
			sourceTree = "<group>";
		};
/* End PBXVariantGroup section */

/* Begin XCBuildConfiguration section */
		59500EDF28BA313300B133F8 /* Debug */ = {
			isa = XCBuildConfiguration;
			buildSettings = {
				ALWAYS_SEARCH_USER_PATHS = NO;
				CLANG_ANALYZER_NONNULL = YES;
				CLANG_ANALYZER_NUMBER_OBJECT_CONVERSION = YES_AGGRESSIVE;
				CLANG_CXX_LANGUAGE_STANDARD = "gnu++17";
				CLANG_ENABLE_MODULES = YES;
				CLANG_ENABLE_OBJC_ARC = YES;
				CLANG_ENABLE_OBJC_WEAK = YES;
				CLANG_WARN_BLOCK_CAPTURE_AUTORELEASING = YES;
				CLANG_WARN_BOOL_CONVERSION = YES;
				CLANG_WARN_COMMA = YES;
				CLANG_WARN_CONSTANT_CONVERSION = YES;
				CLANG_WARN_DEPRECATED_OBJC_IMPLEMENTATIONS = YES;
				CLANG_WARN_DIRECT_OBJC_ISA_USAGE = YES_ERROR;
				CLANG_WARN_DOCUMENTATION_COMMENTS = YES;
				CLANG_WARN_EMPTY_BODY = YES;
				CLANG_WARN_ENUM_CONVERSION = YES;
				CLANG_WARN_INFINITE_RECURSION = YES;
				CLANG_WARN_INT_CONVERSION = YES;
				CLANG_WARN_NON_LITERAL_NULL_CONVERSION = YES;
				CLANG_WARN_OBJC_IMPLICIT_RETAIN_SELF = YES;
				CLANG_WARN_OBJC_LITERAL_CONVERSION = YES;
				CLANG_WARN_OBJC_ROOT_CLASS = YES_ERROR;
				CLANG_WARN_QUOTED_INCLUDE_IN_FRAMEWORK_HEADER = YES;
				CLANG_WARN_RANGE_LOOP_ANALYSIS = YES;
				CLANG_WARN_STRICT_PROTOTYPES = YES;
				CLANG_WARN_SUSPICIOUS_MOVE = YES;
				CLANG_WARN_UNGUARDED_AVAILABILITY = YES_AGGRESSIVE;
				CLANG_WARN_UNREACHABLE_CODE = YES;
				CLANG_WARN__DUPLICATE_METHOD_MATCH = YES;
				COPY_PHASE_STRIP = NO;
				DEBUG_INFORMATION_FORMAT = dwarf;
				ENABLE_STRICT_OBJC_MSGSEND = YES;
				ENABLE_TESTABILITY = YES;
				GCC_C_LANGUAGE_STANDARD = gnu11;
				GCC_DYNAMIC_NO_PIC = NO;
				GCC_NO_COMMON_BLOCKS = YES;
				GCC_OPTIMIZATION_LEVEL = 0;
				GCC_PREPROCESSOR_DEFINITIONS = (
					"DEBUG=1",
					"$(inherited)",
				);
				GCC_WARN_64_TO_32_BIT_CONVERSION = YES;
				GCC_WARN_ABOUT_RETURN_TYPE = YES_ERROR;
				GCC_WARN_UNDECLARED_SELECTOR = YES;
				GCC_WARN_UNINITIALIZED_AUTOS = YES_AGGRESSIVE;
				GCC_WARN_UNUSED_FUNCTION = YES;
				GCC_WARN_UNUSED_VARIABLE = YES;
				IPHONEOS_DEPLOYMENT_TARGET = 15.0;
				MTL_ENABLE_DEBUG_INFO = INCLUDE_SOURCE;
				MTL_FAST_MATH = YES;
				ONLY_ACTIVE_ARCH = YES;
				SDKROOT = iphoneos;
				SWIFT_ACTIVE_COMPILATION_CONDITIONS = DEBUG;
				SWIFT_OPTIMIZATION_LEVEL = "-Onone";
			};
			name = Debug;
		};
		59500EE028BA313300B133F8 /* Release */ = {
			isa = XCBuildConfiguration;
			buildSettings = {
				ALWAYS_SEARCH_USER_PATHS = NO;
				CLANG_ANALYZER_NONNULL = YES;
				CLANG_ANALYZER_NUMBER_OBJECT_CONVERSION = YES_AGGRESSIVE;
				CLANG_CXX_LANGUAGE_STANDARD = "gnu++17";
				CLANG_ENABLE_MODULES = YES;
				CLANG_ENABLE_OBJC_ARC = YES;
				CLANG_ENABLE_OBJC_WEAK = YES;
				CLANG_WARN_BLOCK_CAPTURE_AUTORELEASING = YES;
				CLANG_WARN_BOOL_CONVERSION = YES;
				CLANG_WARN_COMMA = YES;
				CLANG_WARN_CONSTANT_CONVERSION = YES;
				CLANG_WARN_DEPRECATED_OBJC_IMPLEMENTATIONS = YES;
				CLANG_WARN_DIRECT_OBJC_ISA_USAGE = YES_ERROR;
				CLANG_WARN_DOCUMENTATION_COMMENTS = YES;
				CLANG_WARN_EMPTY_BODY = YES;
				CLANG_WARN_ENUM_CONVERSION = YES;
				CLANG_WARN_INFINITE_RECURSION = YES;
				CLANG_WARN_INT_CONVERSION = YES;
				CLANG_WARN_NON_LITERAL_NULL_CONVERSION = YES;
				CLANG_WARN_OBJC_IMPLICIT_RETAIN_SELF = YES;
				CLANG_WARN_OBJC_LITERAL_CONVERSION = YES;
				CLANG_WARN_OBJC_ROOT_CLASS = YES_ERROR;
				CLANG_WARN_QUOTED_INCLUDE_IN_FRAMEWORK_HEADER = YES;
				CLANG_WARN_RANGE_LOOP_ANALYSIS = YES;
				CLANG_WARN_STRICT_PROTOTYPES = YES;
				CLANG_WARN_SUSPICIOUS_MOVE = YES;
				CLANG_WARN_UNGUARDED_AVAILABILITY = YES_AGGRESSIVE;
				CLANG_WARN_UNREACHABLE_CODE = YES;
				CLANG_WARN__DUPLICATE_METHOD_MATCH = YES;
				COPY_PHASE_STRIP = NO;
				DEBUG_INFORMATION_FORMAT = "dwarf-with-dsym";
				ENABLE_NS_ASSERTIONS = NO;
				ENABLE_STRICT_OBJC_MSGSEND = YES;
				GCC_C_LANGUAGE_STANDARD = gnu11;
				GCC_NO_COMMON_BLOCKS = YES;
				GCC_WARN_64_TO_32_BIT_CONVERSION = YES;
				GCC_WARN_ABOUT_RETURN_TYPE = YES_ERROR;
				GCC_WARN_UNDECLARED_SELECTOR = YES;
				GCC_WARN_UNINITIALIZED_AUTOS = YES_AGGRESSIVE;
				GCC_WARN_UNUSED_FUNCTION = YES;
				GCC_WARN_UNUSED_VARIABLE = YES;
				IPHONEOS_DEPLOYMENT_TARGET = 15.0;
				MTL_ENABLE_DEBUG_INFO = NO;
				MTL_FAST_MATH = YES;
				SDKROOT = iphoneos;
				SWIFT_COMPILATION_MODE = wholemodule;
				SWIFT_OPTIMIZATION_LEVEL = "-O";
				VALIDATE_PRODUCT = YES;
			};
			name = Release;
		};
		59500EE228BA313300B133F8 /* Debug */ = {
			isa = XCBuildConfiguration;
			baseConfigurationReference = 3DDA27BE46C68A3F624D8E69 /* Pods-NetflixAPP.debug.xcconfig */;
			buildSettings = {
				ASSETCATALOG_COMPILER_APPICON_NAME = AppIcon;
				ASSETCATALOG_COMPILER_GLOBAL_ACCENT_COLOR_NAME = AccentColor;
				CODE_SIGN_STYLE = Automatic;
				CURRENT_PROJECT_VERSION = 1;
				DEVELOPMENT_TEAM = 7DF45VLQ6Z;
				GENERATE_INFOPLIST_FILE = YES;
				INFOPLIST_FILE = NetflixAPP/Info.plist;
				INFOPLIST_KEY_UIApplicationSupportsIndirectInputEvents = YES;
				INFOPLIST_KEY_UILaunchStoryboardName = LaunchScreen;
				INFOPLIST_KEY_UISupportedInterfaceOrientations_iPad = "UIInterfaceOrientationPortrait UIInterfaceOrientationPortraitUpsideDown UIInterfaceOrientationLandscapeLeft UIInterfaceOrientationLandscapeRight";
				INFOPLIST_KEY_UISupportedInterfaceOrientations_iPhone = "UIInterfaceOrientationPortrait UIInterfaceOrientationLandscapeLeft UIInterfaceOrientationLandscapeRight";
				LD_RUNPATH_SEARCH_PATHS = (
					"$(inherited)",
					"@executable_path/Frameworks",
				);
				MARKETING_VERSION = 1.0;
				PRODUCT_BUNDLE_IDENTIFIER = denmagg.NetflixAPP;
				PRODUCT_NAME = "$(TARGET_NAME)";
				SWIFT_EMIT_LOC_STRINGS = YES;
				SWIFT_VERSION = 5.0;
				TARGETED_DEVICE_FAMILY = "1,2";
			};
			name = Debug;
		};
		59500EE328BA313300B133F8 /* Release */ = {
			isa = XCBuildConfiguration;
			baseConfigurationReference = BD27EE6A9102E8601F16A239 /* Pods-NetflixAPP.release.xcconfig */;
			buildSettings = {
				ASSETCATALOG_COMPILER_APPICON_NAME = AppIcon;
				ASSETCATALOG_COMPILER_GLOBAL_ACCENT_COLOR_NAME = AccentColor;
				CODE_SIGN_STYLE = Automatic;
				CURRENT_PROJECT_VERSION = 1;
				DEVELOPMENT_TEAM = 7DF45VLQ6Z;
				GENERATE_INFOPLIST_FILE = YES;
				INFOPLIST_FILE = NetflixAPP/Info.plist;
				INFOPLIST_KEY_UIApplicationSupportsIndirectInputEvents = YES;
				INFOPLIST_KEY_UILaunchStoryboardName = LaunchScreen;
				INFOPLIST_KEY_UISupportedInterfaceOrientations_iPad = "UIInterfaceOrientationPortrait UIInterfaceOrientationPortraitUpsideDown UIInterfaceOrientationLandscapeLeft UIInterfaceOrientationLandscapeRight";
				INFOPLIST_KEY_UISupportedInterfaceOrientations_iPhone = "UIInterfaceOrientationPortrait UIInterfaceOrientationLandscapeLeft UIInterfaceOrientationLandscapeRight";
				LD_RUNPATH_SEARCH_PATHS = (
					"$(inherited)",
					"@executable_path/Frameworks",
				);
				MARKETING_VERSION = 1.0;
				PRODUCT_BUNDLE_IDENTIFIER = denmagg.NetflixAPP;
				PRODUCT_NAME = "$(TARGET_NAME)";
				SWIFT_EMIT_LOC_STRINGS = YES;
				SWIFT_VERSION = 5.0;
				TARGETED_DEVICE_FAMILY = "1,2";
			};
			name = Release;
		};
/* End XCBuildConfiguration section */

/* Begin XCConfigurationList section */
		59500EC828BA313200B133F8 /* Build configuration list for PBXProject "NetflixAPP" */ = {
			isa = XCConfigurationList;
			buildConfigurations = (
				59500EDF28BA313300B133F8 /* Debug */,
				59500EE028BA313300B133F8 /* Release */,
			);
			defaultConfigurationIsVisible = 0;
			defaultConfigurationName = Release;
		};
		59500EE128BA313300B133F8 /* Build configuration list for PBXNativeTarget "NetflixAPP" */ = {
			isa = XCConfigurationList;
			buildConfigurations = (
				59500EE228BA313300B133F8 /* Debug */,
				59500EE328BA313300B133F8 /* Release */,
			);
			defaultConfigurationIsVisible = 0;
			defaultConfigurationName = Release;
		};
/* End XCConfigurationList section */

/* Begin XCVersionGroup section */
		59A44EDC28C1229B00593301 /* NetflixAPPModel.xcdatamodeld */ = {
			isa = XCVersionGroup;
			children = (
				59A44EDD28C1229B00593301 /* NetflixAPPModel.xcdatamodel */,
			);
			currentVersion = 59A44EDD28C1229B00593301 /* NetflixAPPModel.xcdatamodel */;
			path = NetflixAPPModel.xcdatamodeld;
			sourceTree = "<group>";
			versionGroupType = wrapper.xcdatamodel;
		};
/* End XCVersionGroup section */
	};
	rootObject = 59500EC528BA313200B133F8 /* Project object */;
}
